{
  "requires": true,
  "lockfileVersion": 1,
  "dependencies": {
    "size-sensor": {
      "version": "0.2.2",
      "resolved": "https://registry.npmjs.org/size-sensor/-/size-sensor-0.2.2.tgz",
      "integrity": "sha512-dL/IdBhGDvCHlxQgxryqJNEnSWQz4xvKntsW028CgaJLBLSw8rpi7oUVSM4+xnaHbH+BFkXz6H5aMStfH8v2Pg=="
    },
    "vue": {
      "version": "2.6.10",
      "resolved": "https://registry.npmjs.org/vue/-/vue-2.6.10.tgz",
      "integrity": "sha512-ImThpeNU9HbdZL3utgMCq0oiMzAkt1mcgy3/E6zWC/G6AaQoeuFdsl9nDhTDU3X1R6FK7nsIUuRACVcjI+A2GQ=="
    }
  }
}
